
Microsoft Visual Studio Solution File, Format Version 12.00
# Visual Studio 2012
Project("{FAE04EC0-301F-11D3-BF4B-00C04F79EFBC}") = "MiniatureBottleDesktopClient", "MiniatureBottleDesktopClient\MiniatureBottleDesktopClient.csproj", "{8DB35B38-8399-4389-81C5-EE71269BD22E}"
EndProject
Global
	GlobalSection(SolutionConfigurationPlatforms) = preSolution
		Debug|Any CPU = Debug|Any CPU
		Release|Any CPU = Release|Any CPU
	EndGlobalSection
	GlobalSection(ProjectConfigurationPlatforms) = postSolution
		{8DB35B38-8399-4389-81C5-EE71269BD22E}.Debug|Any CPU.ActiveCfg = Debug|Any CPU
		{8DB35B38-8399-4389-81C5-EE71269BD22E}.Debug|Any CPU.Build.0 = Debug|Any CPU
		{8DB35B38-8399-4389-81C5-EE71269BD22E}.Release|Any CPU.ActiveCfg = Release|Any CPU
		{8DB35B38-8399-4389-81C5-EE71269BD22E}.Release|Any CPU.Build.0 = Release|Any CPU
	EndGlobalSection
	GlobalSection(SolutionProperties) = preSolution
		HideSolutionNode = FALSE
	EndGlobalSection
EndGlobal
